
Microsoft Visual Studio Solution File, Format Version 12.00
Project("{FAE04EC0-301F-11D3-BF4B-00C04F79EFBC}") = "Eisenhower Matrix2", "Eisenhower Matrix2\Eisenhower Matrix2.csproj", "{B2A04DD9-EDA2-4E55-805A-035A8C8C5E65}"
EndProject
Global
	GlobalSection(SolutionConfigurationPlatforms) = preSolution
		Debug|Any CPU = Debug|Any CPU
		Release|Any CPU = Release|Any CPU
	EndGlobalSection
	GlobalSection(ProjectConfigurationPlatforms) = postSolution
		{B2A04DD9-EDA2-4E55-805A-035A8C8C5E65}.Debug|Any CPU.ActiveCfg = Debug|Any CPU
		{B2A04DD9-EDA2-4E55-805A-035A8C8C5E65}.Debug|Any CPU.Build.0 = Debug|Any CPU
		{B2A04DD9-EDA2-4E55-805A-035A8C8C5E65}.Release|Any CPU.ActiveCfg = Release|Any CPU
		{B2A04DD9-EDA2-4E55-805A-035A8C8C5E65}.Release|Any CPU.Build.0 = Release|Any CPU
	EndGlobalSection
EndGlobal
